
Microsoft Visual Studio Solution File, Format Version 12.00
# Visual Studio Version 16
VisualStudioVersion = 16.0.31424.327
MinimumVisualStudioVersion = 10.0.40219.1
Project("{FAE04EC0-301F-11D3-BF4B-00C04F79EFBC}") = "Produtinho", "Produtinho\Produtinho.csproj", "{97B190E7-6A14-4CD4-B746-32CF5B2B39FE}"
EndProject
Global
	GlobalSection(SolutionConfigurationPlatforms) = preSolution
		Debug|Any CPU = Debug|Any CPU
		Release|Any CPU = Release|Any CPU
	EndGlobalSection
	GlobalSection(ProjectConfigurationPlatforms) = postSolution
		{97B190E7-6A14-4CD4-B746-32CF5B2B39FE}.Debug|Any CPU.ActiveCfg = Debug|Any CPU
		{97B190E7-6A14-4CD4-B746-32CF5B2B39FE}.Debug|Any CPU.Build.0 = Debug|Any CPU
		{97B190E7-6A14-4CD4-B746-32CF5B2B39FE}.Release|Any CPU.ActiveCfg = Release|Any CPU
		{97B190E7-6A14-4CD4-B746-32CF5B2B39FE}.Release|Any CPU.Build.0 = Release|Any CPU
	EndGlobalSection
	GlobalSection(SolutionProperties) = preSolution
		HideSolutionNode = FALSE
	EndGlobalSection
	GlobalSection(ExtensibilityGlobals) = postSolution
		SolutionGuid = {F1002B27-EF81-4959-BC40-3A9B71D50BF7}
	EndGlobalSection
EndGlobal
